
Microsoft Visual Studio Solution File, Format Version 12.00
# Visual Studio Version 16
VisualStudioVersion = 16.0.30503.244
MinimumVisualStudioVersion = 10.0.40219.1
Project("{FAE04EC0-301F-11D3-BF4B-00C04F79EFBC}") = "Homework_4", "Homework_4\Homework_4.csproj", "{F54464F1-E04E-44B9-8DCA-0B48E4768763}"
EndProject
Global
	GlobalSection(SolutionConfigurationPlatforms) = preSolution
		Debug|Any CPU = Debug|Any CPU
		Release|Any CPU = Release|Any CPU
	EndGlobalSection
	GlobalSection(ProjectConfigurationPlatforms) = postSolution
		{F54464F1-E04E-44B9-8DCA-0B48E4768763}.Debug|Any CPU.ActiveCfg = Debug|Any CPU
		{F54464F1-E04E-44B9-8DCA-0B48E4768763}.Debug|Any CPU.Build.0 = Debug|Any CPU
		{F54464F1-E04E-44B9-8DCA-0B48E4768763}.Release|Any CPU.ActiveCfg = Release|Any CPU
		{F54464F1-E04E-44B9-8DCA-0B48E4768763}.Release|Any CPU.Build.0 = Release|Any CPU
	EndGlobalSection
	GlobalSection(SolutionProperties) = preSolution
		HideSolutionNode = FALSE
	EndGlobalSection
	GlobalSection(ExtensibilityGlobals) = postSolution
		SolutionGuid = {95B39683-6980-4041-9A2D-AE3EC628BC07}
	EndGlobalSection
EndGlobal
